
Microsoft Visual Studio Solution File, Format Version 12.00
# Visual Studio Version 16
VisualStudioVersion = 16.0.30002.166
MinimumVisualStudioVersion = 10.0.40219.1
Project("{FAE04EC0-301F-11D3-BF4B-00C04F79EFBC}") = "ITS.Vendrame.MQTT_Test", "ITS.Vendrame.MQTT_Test\ITS.Vendrame.MQTT_Test.csproj", "{49F477D8-1EB4-4676-A269-F64A005C702E}"
EndProject
Project("{FAE04EC0-301F-11D3-BF4B-00C04F79EFBC}") = "ITS.Vendrame.MQTT_Broker", "ITS.Vendrame.MQTT_Broker\ITS.Vendrame.MQTT_Broker.csproj", "{2D35BC68-B3CC-439A-93F3-314E6DB9036B}"
EndProject
Global
	GlobalSection(SolutionConfigurationPlatforms) = preSolution
		Debug|Any CPU = Debug|Any CPU
		Release|Any CPU = Release|Any CPU
	EndGlobalSection
	GlobalSection(ProjectConfigurationPlatforms) = postSolution
		{49F477D8-1EB4-4676-A269-F64A005C702E}.Debug|Any CPU.ActiveCfg = Debug|Any CPU
		{49F477D8-1EB4-4676-A269-F64A005C702E}.Debug|Any CPU.Build.0 = Debug|Any CPU
		{49F477D8-1EB4-4676-A269-F64A005C702E}.Release|Any CPU.ActiveCfg = Release|Any CPU
		{49F477D8-1EB4-4676-A269-F64A005C702E}.Release|Any CPU.Build.0 = Release|Any CPU
		{2D35BC68-B3CC-439A-93F3-314E6DB9036B}.Debug|Any CPU.ActiveCfg = Debug|Any CPU
		{2D35BC68-B3CC-439A-93F3-314E6DB9036B}.Debug|Any CPU.Build.0 = Debug|Any CPU
		{2D35BC68-B3CC-439A-93F3-314E6DB9036B}.Release|Any CPU.ActiveCfg = Release|Any CPU
		{2D35BC68-B3CC-439A-93F3-314E6DB9036B}.Release|Any CPU.Build.0 = Release|Any CPU
	EndGlobalSection
	GlobalSection(SolutionProperties) = preSolution
		HideSolutionNode = FALSE
	EndGlobalSection
	GlobalSection(ExtensibilityGlobals) = postSolution
		SolutionGuid = {C5F50288-3187-4C29-BF47-8D35F44508EC}
	EndGlobalSection
EndGlobal
