
Microsoft Visual Studio Solution File, Format Version 12.00
# Visual Studio Version 16
VisualStudioVersion = 16.0.30002.166
MinimumVisualStudioVersion = 10.0.40219.1
Project("{FAE04EC0-301F-11D3-BF4B-00C04F79EFBC}") = "ITS.Vendrame.EditFile", "ITS.Vendrame.EditFile\ITS.Vendrame.EditFile.csproj", "{9E35A77F-7785-4042-BC7A-343179C225F0}"
EndProject
Global
	GlobalSection(SolutionConfigurationPlatforms) = preSolution
		Debug|Any CPU = Debug|Any CPU
		Release|Any CPU = Release|Any CPU
	EndGlobalSection
	GlobalSection(ProjectConfigurationPlatforms) = postSolution
		{9E35A77F-7785-4042-BC7A-343179C225F0}.Debug|Any CPU.ActiveCfg = Debug|Any CPU
		{9E35A77F-7785-4042-BC7A-343179C225F0}.Debug|Any CPU.Build.0 = Debug|Any CPU
		{9E35A77F-7785-4042-BC7A-343179C225F0}.Release|Any CPU.ActiveCfg = Release|Any CPU
		{9E35A77F-7785-4042-BC7A-343179C225F0}.Release|Any CPU.Build.0 = Release|Any CPU
	EndGlobalSection
	GlobalSection(SolutionProperties) = preSolution
		HideSolutionNode = FALSE
	EndGlobalSection
	GlobalSection(ExtensibilityGlobals) = postSolution
		SolutionGuid = {97C37E4D-1687-4284-ACB2-6B5EB5B8DEC6}
	EndGlobalSection
EndGlobal
