
Microsoft Visual Studio Solution File, Format Version 12.00
# Visual Studio Version 16
VisualStudioVersion = 16.0.31229.75
MinimumVisualStudioVersion = 10.0.40219.1
Project("{FAE04EC0-301F-11D3-BF4B-00C04F79EFBC}") = "IIOT.Vendrame.OPC.NodeBrowser", "IIOT.Vendrame.OPC.NodeBrowser\IIOT.Vendrame.OPC.NodeBrowser.csproj", "{BFBB133C-9D99-4FD6-9099-2860322222A9}"
EndProject
Project("{FAE04EC0-301F-11D3-BF4B-00C04F79EFBC}") = "IIOT.Vendrame.OPC.Data", "IIOT.Vendrame.OPC.Data\IIOT.Vendrame.OPC.Data.csproj", "{0A3CC4DC-1753-4336-A089-D32C9C0351B8}"
EndProject
Global
	GlobalSection(SolutionConfigurationPlatforms) = preSolution
		Debug|Any CPU = Debug|Any CPU
		Release|Any CPU = Release|Any CPU
	EndGlobalSection
	GlobalSection(ProjectConfigurationPlatforms) = postSolution
		{BFBB133C-9D99-4FD6-9099-2860322222A9}.Debug|Any CPU.ActiveCfg = Debug|Any CPU
		{BFBB133C-9D99-4FD6-9099-2860322222A9}.Debug|Any CPU.Build.0 = Debug|Any CPU
		{BFBB133C-9D99-4FD6-9099-2860322222A9}.Release|Any CPU.ActiveCfg = Release|Any CPU
		{BFBB133C-9D99-4FD6-9099-2860322222A9}.Release|Any CPU.Build.0 = Release|Any CPU
		{0A3CC4DC-1753-4336-A089-D32C9C0351B8}.Debug|Any CPU.ActiveCfg = Debug|Any CPU
		{0A3CC4DC-1753-4336-A089-D32C9C0351B8}.Debug|Any CPU.Build.0 = Debug|Any CPU
		{0A3CC4DC-1753-4336-A089-D32C9C0351B8}.Release|Any CPU.ActiveCfg = Release|Any CPU
		{0A3CC4DC-1753-4336-A089-D32C9C0351B8}.Release|Any CPU.Build.0 = Release|Any CPU
	EndGlobalSection
	GlobalSection(SolutionProperties) = preSolution
		HideSolutionNode = FALSE
	EndGlobalSection
	GlobalSection(ExtensibilityGlobals) = postSolution
		SolutionGuid = {F6EF6B8C-7446-4CD3-BB1C-93C07630298E}
	EndGlobalSection
EndGlobal
