
Microsoft Visual Studio Solution File, Format Version 12.00
# Visual Studio Version 16
VisualStudioVersion = 16.0.30002.166
MinimumVisualStudioVersion = 10.0.40219.1
Project("{FAE04EC0-301F-11D3-BF4B-00C04F79EFBC}") = "ITS.Vendrame.IoTHub.ServiceBus.FileManager", "ITS.Vendrame.IoTHub.ServiceBus.FileManager\ITS.Vendrame.IoTHub.ServiceBus.FileManager.csproj", "{228F6990-5825-4C91-838F-3BC3A276B838}"
EndProject
Project("{FAE04EC0-301F-11D3-BF4B-00C04F79EFBC}") = "ITS.Vendrame.IoTHub.ServiceBus.Data", "ITS.Vendrame.IoTHub.ServiceBus.Data\ITS.Vendrame.IoTHub.ServiceBus.Data.csproj", "{02D02D61-1F68-4104-9CFF-7D032FE4F38F}"
EndProject
Project("{FAE04EC0-301F-11D3-BF4B-00C04F79EFBC}") = "ITS.Vendrame.IoTHub.ServiceBus.WebApp", "ITS.Vendrame.IoTHub.ServiceBus.WebApp\ITS.Vendrame.IoTHub.ServiceBus.WebApp.csproj", "{1EF986C3-387D-4536-87C6-57C608EC9F91}"
EndProject
Project("{FAE04EC0-301F-11D3-BF4B-00C04F79EFBC}") = "ITS.Vendrame.IoTHub.ServiceBus.FileWriter", "ITS.Vendrame.IoTHub.ServiceBus.FileWriter\ITS.Vendrame.IoTHub.ServiceBus.FileWriter.csproj", "{D4F86D70-5D33-40BD-A3F2-5B6A0C1054DD}"
EndProject
Project("{FAE04EC0-301F-11D3-BF4B-00C04F79EFBC}") = "ITS.Vendrame.IoTHub.ServiceBus.StorageManager", "ITS.Vendrame.IoTHub.ServiceBus.StorageManager\ITS.Vendrame.IoTHub.ServiceBus.StorageManager.csproj", "{26251EAA-6611-4D0B-A551-7C0F8CAC084E}"
EndProject
Global
	GlobalSection(SolutionConfigurationPlatforms) = preSolution
		Debug|Any CPU = Debug|Any CPU
		Release|Any CPU = Release|Any CPU
	EndGlobalSection
	GlobalSection(ProjectConfigurationPlatforms) = postSolution
		{228F6990-5825-4C91-838F-3BC3A276B838}.Debug|Any CPU.ActiveCfg = Debug|Any CPU
		{228F6990-5825-4C91-838F-3BC3A276B838}.Debug|Any CPU.Build.0 = Debug|Any CPU
		{228F6990-5825-4C91-838F-3BC3A276B838}.Release|Any CPU.ActiveCfg = Release|Any CPU
		{228F6990-5825-4C91-838F-3BC3A276B838}.Release|Any CPU.Build.0 = Release|Any CPU
		{02D02D61-1F68-4104-9CFF-7D032FE4F38F}.Debug|Any CPU.ActiveCfg = Debug|Any CPU
		{02D02D61-1F68-4104-9CFF-7D032FE4F38F}.Debug|Any CPU.Build.0 = Debug|Any CPU
		{02D02D61-1F68-4104-9CFF-7D032FE4F38F}.Release|Any CPU.ActiveCfg = Release|Any CPU
		{02D02D61-1F68-4104-9CFF-7D032FE4F38F}.Release|Any CPU.Build.0 = Release|Any CPU
		{1EF986C3-387D-4536-87C6-57C608EC9F91}.Debug|Any CPU.ActiveCfg = Debug|Any CPU
		{1EF986C3-387D-4536-87C6-57C608EC9F91}.Debug|Any CPU.Build.0 = Debug|Any CPU
		{1EF986C3-387D-4536-87C6-57C608EC9F91}.Release|Any CPU.ActiveCfg = Release|Any CPU
		{1EF986C3-387D-4536-87C6-57C608EC9F91}.Release|Any CPU.Build.0 = Release|Any CPU
		{D4F86D70-5D33-40BD-A3F2-5B6A0C1054DD}.Debug|Any CPU.ActiveCfg = Debug|Any CPU
		{D4F86D70-5D33-40BD-A3F2-5B6A0C1054DD}.Debug|Any CPU.Build.0 = Debug|Any CPU
		{D4F86D70-5D33-40BD-A3F2-5B6A0C1054DD}.Release|Any CPU.ActiveCfg = Release|Any CPU
		{D4F86D70-5D33-40BD-A3F2-5B6A0C1054DD}.Release|Any CPU.Build.0 = Release|Any CPU
		{26251EAA-6611-4D0B-A551-7C0F8CAC084E}.Debug|Any CPU.ActiveCfg = Debug|Any CPU
		{26251EAA-6611-4D0B-A551-7C0F8CAC084E}.Debug|Any CPU.Build.0 = Debug|Any CPU
		{26251EAA-6611-4D0B-A551-7C0F8CAC084E}.Release|Any CPU.ActiveCfg = Release|Any CPU
		{26251EAA-6611-4D0B-A551-7C0F8CAC084E}.Release|Any CPU.Build.0 = Release|Any CPU
	EndGlobalSection
	GlobalSection(SolutionProperties) = preSolution
		HideSolutionNode = FALSE
	EndGlobalSection
	GlobalSection(ExtensibilityGlobals) = postSolution
		SolutionGuid = {A7956E2B-D52D-4190-A2C1-FF2290DCA777}
	EndGlobalSection
EndGlobal
